
Microsoft Visual Studio Solution File, Format Version 12.00
# Visual Studio Version 17
VisualStudioVersion = 17.1.32210.238
MinimumVisualStudioVersion = 10.0.40219.1
Project("{FAE04EC0-301F-11D3-BF4B-00C04F79EFBC}") = "tp3solution", "tp3solution\tp3solution.csproj", "{F8887BCB-A90F-4CC9-BA1C-56C050890FB9}"
EndProject
Project("{2150E333-8FDC-42A3-9474-1A3956D46DE8}") = "NewFolder1", "NewFolder1", "{B137B290-EC47-460B-8548-09CC66454EF6}"
EndProject
Global
	GlobalSection(SolutionConfigurationPlatforms) = preSolution
		Debug|Any CPU = Debug|Any CPU
		Release|Any CPU = Release|Any CPU
	EndGlobalSection
	GlobalSection(ProjectConfigurationPlatforms) = postSolution
		{F8887BCB-A90F-4CC9-BA1C-56C050890FB9}.Debug|Any CPU.ActiveCfg = Debug|Any CPU
		{F8887BCB-A90F-4CC9-BA1C-56C050890FB9}.Debug|Any CPU.Build.0 = Debug|Any CPU
		{F8887BCB-A90F-4CC9-BA1C-56C050890FB9}.Release|Any CPU.ActiveCfg = Release|Any CPU
		{F8887BCB-A90F-4CC9-BA1C-56C050890FB9}.Release|Any CPU.Build.0 = Release|Any CPU
	EndGlobalSection
	GlobalSection(SolutionProperties) = preSolution
		HideSolutionNode = FALSE
	EndGlobalSection
	GlobalSection(ExtensibilityGlobals) = postSolution
		SolutionGuid = {D2F9BCF3-85A4-40FC-9D02-3811367B170D}
	EndGlobalSection
EndGlobal
